[[package]]
name = "asyncpg"
version = "0.22.0"
description = "An asyncio PostgreSQL driver"
category = "main"
optional = false
python-versions = ">=3.5.0"

[package.extras]
dev = ["Cython (>=0.29.20,<0.30.0)", "pytest (>=3.6.0)", "Sphinx (>=1.7.3,<1.8.0)", "sphinxcontrib-asyncio (>=0.2.0,<0.3.0)", "sphinx-rtd-theme (>=0.2.4,<0.3.0)", "pycodestyle (>=2.5.0,<2.6.0)", "flake8 (>=3.7.9,<3.8.0)", "uvloop (>=0.14.0,<0.15.0)"]
docs = ["Sphinx (>=1.7.3,<1.8.0)", "sphinxcontrib-asyncio (>=0.2.0,<0.3.0)", "sphinx-rtd-theme (>=0.2.4,<0.3.0)"]
test = ["pycodestyle (>=2.5.0,<2.6.0)", "flake8 (>=3.7.9,<3.8.0)", "uvloop (>=0.14.0,<0.15.0)"]

[[package]]
name = "atomicwrites"
version = "1.4.0"
description = "Atomic file writes."
category = "dev"
optional = false
python-versions = ">=2.7, !=3.0.*, !=3.1.*, !=3.2.*, !=3.3.*"

[[package]]
name = "attrs"
version = "20.3.0"
description = "Classes Without Boilerplate"
category = "dev"
optional = false
python-versions = ">=2.7, !=3.0.*, !=3.1.*, !=3.2.*, !=3.3.*"

[package.extras]
dev = ["coverage[toml] (>=5.0.2)", "hypothesis", "pympler", "pytest (>=4.3.0)", "six", "zope.interface", "furo", "sphinx", "pre-commit"]
docs = ["furo", "sphinx", "zope.interface"]
tests = ["coverage[toml] (>=5.0.2)", "hypothesis", "pympler", "pytest (>=4.3.0)", "six", "zope.interface"]
tests_no_zope = ["coverage[toml] (>=5.0.2)", "hypothesis", "pympler", "pytest (>=4.3.0)", "six"]

[[package]]
name = "colorama"
version = "0.4.4"
description = "Cross-platform colored terminal text."
category = "dev"
optional = false
python-versions = ">=2.7, !=3.0.*, !=3.1.*, !=3.2.*, !=3.3.*, !=3.4.*"

[[package]]
name = "greenlet"
version = "1.0.0"
description = "Lightweight in-process concurrent programming"
category = "main"
optional = false
python-versions = ">=2.7,!=3.0.*,!=3.1.*,!=3.2.*,!=3.3.*,!=3.4.*"

[package.extras]
docs = ["sphinx"]

[[package]]
name = "iniconfig"
version = "1.1.1"
description = "iniconfig: brain-dead simple config-ini parsing"
category = "dev"
optional = false
python-versions = "*"

[[package]]
name = "packaging"
version = "20.9"
description = "Core utilities for Python packages"
category = "dev"
optional = false
python-versions = ">=2.7, !=3.0.*, !=3.1.*, !=3.2.*, !=3.3.*"

[package.dependencies]
pyparsing = ">=2.0.2"

[[package]]
name = "pluggy"
version = "0.13.1"
description = "plugin and hook calling mechanisms for python"
category = "dev"
optional = false
python-versions = ">=2.7, !=3.0.*, !=3.1.*, !=3.2.*, !=3.3.*"

[package.extras]
dev = ["pre-commit", "tox"]

[[package]]
name = "py"
version = "1.10.0"
description = "library with cross-python path, ini-parsing, io, code, log facilities"
category = "dev"
optional = false
python-versions = ">=2.7, !=3.0.*, !=3.1.*, !=3.2.*, !=3.3.*"

[[package]]
name = "pyparsing"
version = "2.4.7"
description = "Python parsing module"
category = "dev"
optional = false
python-versions = ">=2.6, !=3.0.*, !=3.1.*, !=3.2.*"

[[package]]
name = "pytest"
version = "6.2.3"
description = "pytest: simple powerful testing with Python"
category = "dev"
optional = false
python-versions = ">=3.6"

[package.dependencies]
atomicwrites = {version = ">=1.0", markers = "sys_platform == \"win32\""}
attrs = ">=19.2.0"
colorama = {version = "*", markers = "sys_platform == \"win32\""}
iniconfig = "*"
packaging = "*"
pluggy = ">=0.12,<1.0.0a1"
py = ">=1.8.2"
toml = "*"

[package.extras]
testing = ["argcomplete", "hypothesis (>=3.56)", "mock", "nose", "requests", "xmlschema"]

[[package]]
name = "pytest-asyncio"
version = "0.15.0"
description = "Pytest support for asyncio."
category = "dev"
optional = false
python-versions = ">= 3.6"

[package.dependencies]
pytest = ">=5.4.0"

[package.extras]
testing = ["coverage", "hypothesis (>=5.7.1)"]

[[package]]
name = "python-dotenv"
version = "0.17.0"
description = "Read key-value pairs from a .env file and set them as environment variables"
category = "main"
optional = false
python-versions = "*"

[package.extras]
cli = ["click (>=5.0)"]

[[package]]
name = "sqlalchemy"
version = "1.4.10"
description = "Database Abstraction Library"
category = "main"
optional = false
python-versions = "!=3.0.*,!=3.1.*,!=3.2.*,!=3.3.*,!=3.4.*,!=3.5.*,>=2.7"

[package.dependencies]
greenlet = {version = "!=0.4.17", markers = "python_version >= \"3\""}

[package.extras]
aiomysql = ["greenlet (!=0.4.17)", "aiomysql"]
aiosqlite = ["greenlet (!=0.4.17)", "aiosqlite"]
asyncio = ["greenlet (!=0.4.17)"]
mariadb_connector = ["mariadb (>=1.0.1)"]
mssql = ["pyodbc"]
mssql_pymssql = ["pymssql"]
mssql_pyodbc = ["pyodbc"]
mypy = ["sqlalchemy2-stubs", "mypy (>=0.800)"]
mysql = ["mysqlclient (>=1.4.0,<2)", "mysqlclient (>=1.4.0)"]
mysql_connector = ["mysqlconnector"]
oracle = ["cx_oracle (>=7,<8)", "cx_oracle (>=7)"]
postgresql = ["psycopg2 (>=2.7)"]
postgresql_asyncpg = ["greenlet (!=0.4.17)", "asyncpg"]
postgresql_pg8000 = ["pg8000 (>=1.16.6)"]
postgresql_psycopg2binary = ["psycopg2-binary"]
postgresql_psycopg2cffi = ["psycopg2cffi"]
pymysql = ["pymysql (<1)", "pymysql"]
sqlcipher = ["sqlcipher3-binary"]

[[package]]
name = "toml"
version = "0.10.2"
description = "Python Library for Tom's Obvious, Minimal Language"
category = "dev"
optional = false
python-versions = ">=2.6, !=3.0.*, !=3.1.*, !=3.2.*"

[metadata]
lock-version = "1.1"
python-versions = "^3.9"
content-hash = "d3652d57d1e28447280a717d5aa3dc0dd3bbacdc3a2caf39c6c81661a460747f"

[metadata.files]
asyncpg = [
    {file = "asyncpg-0.22.0-cp35-cp35m-macosx_10_14_x86_64.whl", hash = "sha256:ccd75cfb4710c7e8debc19516e2e1d4c9863cce3f7a45a3822980d04b16f4fdd"},
    {file = "asyncpg-0.22.0-cp35-cp35m-manylinux1_x86_64.whl", hash = "sha256:3af9a8511569983481b5cf94db17b7cbecd06b5398aac9c82e4acb69bb1f4090"},
    {file = "asyncpg-0.22.0-cp36-cp36m-macosx_10_14_x86_64.whl", hash = "sha256:d1cb6e5b58a4e017335f2a1886e153a32bd213ffa9f7129ee5aced2a7210fa3c"},
    {file = "asyncpg-0.22.0-cp36-cp36m-manylinux1_x86_64.whl", hash = "sha256:0f4604a88386d68c46bf7b50c201a9718515b0d2df6d5e9ce024d78ed0f7189c"},
    {file = "asyncpg-0.22.0-cp36-cp36m-win_amd64.whl", hash = "sha256:b37efafbbec505287bd1499a88f4b59ff2b470709a1d8f7e4db198d3e2c5a2c4"},
    {file = "asyncpg-0.22.0-cp37-cp37m-macosx_10_14_x86_64.whl", hash = "sha256:1d3efdec14f3fbcc665b77619f8b420564f98b89632a21694be2101dafa6bcf2"},
    {file = "asyncpg-0.22.0-cp37-cp37m-manylinux1_x86_64.whl", hash = "sha256:f1df7cfd12ef484210717e7827cc2d4d550b16a1b4dd4566c93914c7a2259352"},
    {file = "asyncpg-0.22.0-cp37-cp37m-win_amd64.whl", hash = "sha256:1f514b13bc54bde65db6cd1d0832ae27f21093e3cb66f741e078fab77768971c"},
    {file = "asyncpg-0.22.0-cp38-cp38-macosx_10_14_x86_64.whl", hash = "sha256:82e23ba5b37c0c7ee96f290a95cbf9815b2d29b302e8b9c4af1de9b7759fd27b"},
    {file = "asyncpg-0.22.0-cp38-cp38-manylinux1_x86_64.whl", hash = "sha256:062e4ff80e68fe56066c44a8c51989a98785904bf86f49058a242a5887be6ce3"},
    {file = "asyncpg-0.22.0-cp38-cp38-win_amd64.whl", hash = "sha256:e7a67fb0244e4a5b3baaa40092d0efd642da032b5e891d75947dab993b47d925"},
    {file = "asyncpg-0.22.0-cp39-cp39-macosx_10_14_x86_64.whl", hash = "sha256:1bbe5e829de506c743cbd5240b3722e487c53669a5f1e159abcc3b92a64a985e"},
    {file = "asyncpg-0.22.0-cp39-cp39-manylinux1_x86_64.whl", hash = "sha256:2cb730241dfe650b9626eae00490cca4cfeb00871ed8b8f389f3a4507b328683"},
    {file = "asyncpg-0.22.0-cp39-cp39-win_amd64.whl", hash = "sha256:2e3875c82ae609b21e562e6befdc35e52c4290e49d03e7529275d59a0595ca97"},
    {file = "asyncpg-0.22.0.tar.gz", hash = "sha256:348ad471d9bdd77f0609a00c860142f47c81c9123f4064d13d65c8569415d802"},
]
atomicwrites = [
    {file = "atomicwrites-1.4.0-py2.py3-none-any.whl", hash = "sha256:6d1784dea7c0c8d4a5172b6c620f40b6e4cbfdf96d783691f2e1302a7b88e197"},
    {file = "atomicwrites-1.4.0.tar.gz", hash = "sha256:ae70396ad1a434f9c7046fd2dd196fc04b12f9e91ffb859164193be8b6168a7a"},
]
attrs = [
    {file = "attrs-20.3.0-py2.py3-none-any.whl", hash = "sha256:31b2eced602aa8423c2aea9c76a724617ed67cf9513173fd3a4f03e3a929c7e6"},
    {file = "attrs-20.3.0.tar.gz", hash = "sha256:832aa3cde19744e49938b91fea06d69ecb9e649c93ba974535d08ad92164f700"},
]
colorama = [
    {file = "colorama-0.4.4-py2.py3-none-any.whl", hash = "sha256:9f47eda37229f68eee03b24b9748937c7dc3868f906e8ba69fbcbdd3bc5dc3e2"},
    {file = "colorama-0.4.4.tar.gz", hash = "sha256:5941b2b48a20143d2267e95b1c2a7603ce057ee39fd88e7329b0c292aa16869b"},
]
greenlet = [
    {file = "greenlet-1.0.0-cp27-cp27m-macosx_10_14_x86_64.whl", hash = "sha256:1d1d4473ecb1c1d31ce8fd8d91e4da1b1f64d425c1dc965edc4ed2a63cfa67b2"},
    {file = "greenlet-1.0.0-cp27-cp27m-manylinux1_x86_64.whl", hash = "sha256:cfd06e0f0cc8db2a854137bd79154b61ecd940dce96fad0cba23fe31de0b793c"},
    {file = "greenlet-1.0.0-cp27-cp27m-manylinux2010_x86_64.whl", hash = "sha256:eb333b90036358a0e2c57373f72e7648d7207b76ef0bd00a4f7daad1f79f5203"},
    {file = "greenlet-1.0.0-cp27-cp27m-win32.whl", hash = "sha256:1a1ada42a1fd2607d232ae11a7b3195735edaa49ea787a6d9e6a53afaf6f3476"},
    {file = "greenlet-1.0.0-cp27-cp27m-win_amd64.whl", hash = "sha256:f6f65bf54215e4ebf6b01e4bb94c49180a589573df643735107056f7a910275b"},
    {file = "greenlet-1.0.0-cp27-cp27mu-manylinux1_x86_64.whl", hash = "sha256:f59eded163d9752fd49978e0bab7a1ff21b1b8d25c05f0995d140cc08ac83379"},
    {file = "greenlet-1.0.0-cp27-cp27mu-manylinux2010_x86_64.whl", hash = "sha256:875d4c60a6299f55df1c3bb870ebe6dcb7db28c165ab9ea6cdc5d5af36bb33ce"},
    {file = "greenlet-1.0.0-cp35-cp35m-macosx_10_14_x86_64.whl", hash = "sha256:1bb80c71de788b36cefb0c3bb6bfab306ba75073dbde2829c858dc3ad70f867c"},
    {file = "greenlet-1.0.0-cp35-cp35m-manylinux1_x86_64.whl", hash = "sha256:b5f1b333015d53d4b381745f5de842f19fe59728b65f0fbb662dafbe2018c3a5"},
    {file = "greenlet-1.0.0-cp35-cp35m-manylinux2010_x86_64.whl", hash = "sha256:5352c15c1d91d22902582e891f27728d8dac3bd5e0ee565b6a9f575355e6d92f"},
    {file = "greenlet-1.0.0-cp35-cp35m-manylinux2014_aarch64.whl", hash = "sha256:2c65320774a8cd5fdb6e117c13afa91c4707548282464a18cf80243cf976b3e6"},
    {file = "greenlet-1.0.0-cp35-cp35m-manylinux2014_ppc64le.whl", hash = "sha256:111cfd92d78f2af0bc7317452bd93a477128af6327332ebf3c2be7df99566683"},
    {file = "greenlet-1.0.0-cp35-cp35m-win32.whl", hash = "sha256:cdb90267650c1edb54459cdb51dab865f6c6594c3a47ebd441bc493360c7af70"},
    {file = "greenlet-1.0.0-cp35-cp35m-win_amd64.whl", hash = "sha256:eac8803c9ad1817ce3d8d15d1bb82c2da3feda6bee1153eec5c58fa6e5d3f770"},
    {file = "greenlet-1.0.0-cp36-cp36m-macosx_10_14_x86_64.whl", hash = "sha256:c93d1a71c3fe222308939b2e516c07f35a849c5047f0197442a4d6fbcb4128ee"},
    {file = "greenlet-1.0.0-cp36-cp36m-manylinux1_x86_64.whl", hash = "sha256:122c63ba795fdba4fc19c744df6277d9cfd913ed53d1a286f12189a0265316dd"},
    {file = "greenlet-1.0.0-cp36-cp36m-manylinux2010_x86_64.whl", hash = "sha256:c5b22b31c947ad8b6964d4ed66776bcae986f73669ba50620162ba7c832a6b6a"},
    {file = "greenlet-1.0.0-cp36-cp36m-manylinux2014_aarch64.whl", hash = "sha256:4365eccd68e72564c776418c53ce3c5af402bc526fe0653722bc89efd85bf12d"},
    {file = "greenlet-1.0.0-cp36-cp36m-manylinux2014_ppc64le.whl", hash = "sha256:da7d09ad0f24270b20f77d56934e196e982af0d0a2446120cb772be4e060e1a2"},
    {file = "greenlet-1.0.0-cp36-cp36m-win32.whl", hash = "sha256:647ba1df86d025f5a34043451d7c4a9f05f240bee06277a524daad11f997d1e7"},
    {file = "greenlet-1.0.0-cp36-cp36m-win_amd64.whl", hash = "sha256:e6e9fdaf6c90d02b95e6b0709aeb1aba5affbbb9ccaea5502f8638e4323206be"},
    {file = "greenlet-1.0.0-cp37-cp37m-macosx_10_14_x86_64.whl", hash = "sha256:62afad6e5fd70f34d773ffcbb7c22657e1d46d7fd7c95a43361de979f0a45aef"},
    {file = "greenlet-1.0.0-cp37-cp37m-manylinux1_x86_64.whl", hash = "sha256:d3789c1c394944084b5e57c192889985a9f23bd985f6d15728c745d380318128"},
    {file = "greenlet-1.0.0-cp37-cp37m-manylinux2010_x86_64.whl", hash = "sha256:f5e2d36c86c7b03c94b8459c3bd2c9fe2c7dab4b258b8885617d44a22e453fb7"},
    {file = "greenlet-1.0.0-cp37-cp37m-manylinux2014_aarch64.whl", hash = "sha256:292e801fcb3a0b3a12d8c603c7cf340659ea27fd73c98683e75800d9fd8f704c"},
    {file = "greenlet-1.0.0-cp37-cp37m-manylinux2014_ppc64le.whl", hash = "sha256:f3dc68272990849132d6698f7dc6df2ab62a88b0d36e54702a8fd16c0490e44f"},
    {file = "greenlet-1.0.0-cp37-cp37m-win32.whl", hash = "sha256:7cd5a237f241f2764324396e06298b5dee0df580cf06ef4ada0ff9bff851286c"},
    {file = "greenlet-1.0.0-cp37-cp37m-win_amd64.whl", hash = "sha256:0ddd77586553e3daf439aa88b6642c5f252f7ef79a39271c25b1d4bf1b7cbb85"},
    {file = "greenlet-1.0.0-cp38-cp38-macosx_10_14_x86_64.whl", hash = "sha256:90b6a25841488cf2cb1c8623a53e6879573010a669455046df5f029d93db51b7"},
    {file = "greenlet-1.0.0-cp38-cp38-manylinux1_x86_64.whl", hash = "sha256:ed1d1351f05e795a527abc04a0d82e9aecd3bdf9f46662c36ff47b0b00ecaf06"},
    {file = "greenlet-1.0.0-cp38-cp38-manylinux2010_x86_64.whl", hash = "sha256:94620ed996a7632723a424bccb84b07e7b861ab7bb06a5aeb041c111dd723d36"},
    {file = "greenlet-1.0.0-cp38-cp38-manylinux2014_aarch64.whl", hash = "sha256:f97d83049715fd9dec7911860ecf0e17b48d8725de01e45de07d8ac0bd5bc378"},
    {file = "greenlet-1.0.0-cp38-cp38-manylinux2014_ppc64le.whl", hash = "sha256:0a77691f0080c9da8dfc81e23f4e3cffa5accf0f5b56478951016d7cfead9196"},
    {file = "greenlet-1.0.0-cp38-cp38-win32.whl", hash = "sha256:e1128e022d8dce375362e063754e129750323b67454cac5600008aad9f54139e"},
    {file = "greenlet-1.0.0-cp38-cp38-win_amd64.whl", hash = "sha256:5d4030b04061fdf4cbc446008e238e44936d77a04b2b32f804688ad64197953c"},
    {file = "greenlet-1.0.0-cp39-cp39-macosx_10_14_x86_64.whl", hash = "sha256:f8450d5ef759dbe59f84f2c9f77491bb3d3c44bc1a573746daf086e70b14c243"},
    {file = "greenlet-1.0.0-cp39-cp39-manylinux1_x86_64.whl", hash = "sha256:df8053867c831b2643b2c489fe1d62049a98566b1646b194cc815f13e27b90df"},
    {file = "greenlet-1.0.0-cp39-cp39-manylinux2010_x86_64.whl", hash = "sha256:df3e83323268594fa9755480a442cabfe8d82b21aba815a71acf1bb6c1776218"},
    {file = "greenlet-1.0.0-cp39-cp39-manylinux2014_aarch64.whl", hash = "sha256:181300f826625b7fd1182205b830642926f52bd8cdb08b34574c9d5b2b1813f7"},
    {file = "greenlet-1.0.0-cp39-cp39-manylinux2014_ppc64le.whl", hash = "sha256:58ca0f078d1c135ecf1879d50711f925ee238fe773dfe44e206d7d126f5bc664"},
    {file = "greenlet-1.0.0-cp39-cp39-win32.whl", hash = "sha256:5f297cb343114b33a13755032ecf7109b07b9a0020e841d1c3cedff6602cc139"},
    {file = "greenlet-1.0.0-cp39-cp39-win_amd64.whl", hash = "sha256:5d69bbd9547d3bc49f8a545db7a0bd69f407badd2ff0f6e1a163680b5841d2b0"},
    {file = "greenlet-1.0.0.tar.gz", hash = "sha256:719e169c79255816cdcf6dccd9ed2d089a72a9f6c42273aae12d55e8d35bdcf8"},
]
iniconfig = [
    {file = "iniconfig-1.1.1-py2.py3-none-any.whl", hash = "sha256:011e24c64b7f47f6ebd835bb12a743f2fbe9a26d4cecaa7f53bc4f35ee9da8b3"},
    {file = "iniconfig-1.1.1.tar.gz", hash = "sha256:bc3af051d7d14b2ee5ef9969666def0cd1a000e121eaea580d4a313df4b37f32"},
]
packaging = [
    {file = "packaging-20.9-py2.py3-none-any.whl", hash = "sha256:67714da7f7bc052e064859c05c595155bd1ee9f69f76557e21f051443c20947a"},
    {file = "packaging-20.9.tar.gz", hash = "sha256:5b327ac1320dc863dca72f4514ecc086f31186744b84a230374cc1fd776feae5"},
]
pluggy = [
    {file = "pluggy-0.13.1-py2.py3-none-any.whl", hash = "sha256:966c145cd83c96502c3c3868f50408687b38434af77734af1e9ca461a4081d2d"},
    {file = "pluggy-0.13.1.tar.gz", hash = "sha256:15b2acde666561e1298d71b523007ed7364de07029219b604cf808bfa1c765b0"},
]
py = [
    {file = "py-1.10.0-py2.py3-none-any.whl", hash = "sha256:3b80836aa6d1feeaa108e046da6423ab8f6ceda6468545ae8d02d9d58d18818a"},
    {file = "py-1.10.0.tar.gz", hash = "sha256:21b81bda15b66ef5e1a777a21c4dcd9c20ad3efd0b3f817e7a809035269e1bd3"},
]
pyparsing = [
    {file = "pyparsing-2.4.7-py2.py3-none-any.whl", hash = "sha256:ef9d7589ef3c200abe66653d3f1ab1033c3c419ae9b9bdb1240a85b024efc88b"},
    {file = "pyparsing-2.4.7.tar.gz", hash = "sha256:c203ec8783bf771a155b207279b9bccb8dea02d8f0c9e5f8ead507bc3246ecc1"},
]
pytest = [
    {file = "pytest-6.2.3-py3-none-any.whl", hash = "sha256:6ad9c7bdf517a808242b998ac20063c41532a570d088d77eec1ee12b0b5574bc"},
    {file = "pytest-6.2.3.tar.gz", hash = "sha256:671238a46e4df0f3498d1c3270e5deb9b32d25134c99b7d75370a68cfbe9b634"},
]
pytest-asyncio = [
    {file = "pytest-asyncio-0.15.0.tar.gz", hash = "sha256:5d9f9f64ab5ed41dc90e4d18dcbf0a74cdaac3d3dc30eb1cc1e49246dc382f3c"},
    {file = "pytest_asyncio-0.15.0-py3-none-any.whl", hash = "sha256:eeff4bd913405770882427d62685a8973681932f2ef53e964371af339628ad8a"},
]
python-dotenv = [
    {file = "python-dotenv-0.17.0.tar.gz", hash = "sha256:471b782da0af10da1a80341e8438fca5fadeba2881c54360d5fd8d03d03a4f4a"},
    {file = "python_dotenv-0.17.0-py2.py3-none-any.whl", hash = "sha256:49782a97c9d641e8a09ae1d9af0856cc587c8d2474919342d5104d85be9890b2"},
]
sqlalchemy = [
    {file = "SQLAlchemy-1.4.10-cp27-cp27m-macosx_10_14_x86_64.whl", hash = "sha256:6c24884bb8d0065cf6f61b643e8f32947ef8386a5bcdad41b921ed81994ea8f1"},
    {file = "SQLAlchemy-1.4.10-cp27-cp27m-manylinux1_x86_64.whl", hash = "sha256:266fbf4a0d3f4ed614fff60485e3ba83d3eef4a736102b9b7e461402dc930234"},
    {file = "SQLAlchemy-1.4.10-cp27-cp27m-win32.whl", hash = "sha256:e7e52b59e0895c3c85eb271e2b77b9507b131eec621a2de1986682a69cc96889"},
    {file = "SQLAlchemy-1.4.10-cp27-cp27m-win_amd64.whl", hash = "sha256:4513c4d2a9d03239dd48c558b7e89969128e07493c8930a4edc2ba9c6ba6f098"},
    {file = "SQLAlchemy-1.4.10-cp27-cp27mu-manylinux1_x86_64.whl", hash = "sha256:978a89d594d477f2bf088aedf2f60fb213b0191f8f8d96f5b48b7e0cf76b420c"},
    {file = "SQLAlchemy-1.4.10-cp36-cp36m-macosx_10_14_x86_64.whl", hash = "sha256:13508e69d6feba528ff583f81b840b837a085456fb084db968a65e6bcc4f0193"},
    {file = "SQLAlchemy-1.4.10-cp36-cp36m-manylinux1_x86_64.whl", hash = "sha256:92b153cbc0138931e82cc26fedcd84d55ac6f6916e881799e540ff4d3c875b67"},
    {file = "SQLAlchemy-1.4.10-cp36-cp36m-manylinux2010_x86_64.whl", hash = "sha256:e55e7624c5253fad07ceee52d06ce9b562895a33c004f48118b05a50773ae380"},
    {file = "SQLAlchemy-1.4.10-cp36-cp36m-manylinux2014_aarch64.whl", hash = "sha256:b127b4c6961005eb16e46d6f84dc272af58259c7e373dc49e287b0157a776073"},
    {file = "SQLAlchemy-1.4.10-cp36-cp36m-manylinux2014_x86_64.whl", hash = "sha256:e1088a429716ce32f30925228d56c74b3566dae880b8b89d12d3245469d0e494"},
    {file = "SQLAlchemy-1.4.10-cp36-cp36m-win32.whl", hash = "sha256:2bf1a89887ff316c8bc6e69197dbd37ef84c41231c2d92c4af438a391fb730ea"},
    {file = "SQLAlchemy-1.4.10-cp36-cp36m-win_amd64.whl", hash = "sha256:bc840a012a5521635cb084b690ae4a2587072b34707c626de57619c96b079ffd"},
    {file = "SQLAlchemy-1.4.10-cp37-cp37m-macosx_10_14_x86_64.whl", hash = "sha256:8bb0a2767a88e41be9d414fdd18e3929d7aa0abad81a6ab0747d5098d785c8a9"},
    {file = "SQLAlchemy-1.4.10-cp37-cp37m-manylinux1_x86_64.whl", hash = "sha256:99d90172d1d284550caa490617f50392dcdea330401fad0eddb95b83d6b4a501"},
    {file = "SQLAlchemy-1.4.10-cp37-cp37m-manylinux2010_x86_64.whl", hash = "sha256:08c5a58bfbd6638c17b13fad8d78c75756a11d67948615ac6713d8aaa19634ed"},
    {file = "SQLAlchemy-1.4.10-cp37-cp37m-manylinux2014_aarch64.whl", hash = "sha256:56fc949c075085bfd4aa38a2cb0e3dd3e9f6a1a01a628cb1225adbd169dbdeb4"},
    {file = "SQLAlchemy-1.4.10-cp37-cp37m-manylinux2014_x86_64.whl", hash = "sha256:482e38d6ea79b3d2d136044188545bf262ba001d8a4f41112808a8d457e8bb9f"},
    {file = "SQLAlchemy-1.4.10-cp37-cp37m-win32.whl", hash = "sha256:83372e25c1cc2100d00603907abe8d05d1143f8907f841780760c694285b714d"},
    {file = "SQLAlchemy-1.4.10-cp37-cp37m-win_amd64.whl", hash = "sha256:d5618889532bd4096f7c7eb143e5e7039c24eb4327aef7d87d8f56220c4fdd5d"},
    {file = "SQLAlchemy-1.4.10-cp38-cp38-macosx_10_14_x86_64.whl", hash = "sha256:8d2c8a1f1352a9db7b5c370411f61cf36b9bfed61cbac4ae1033c39374981a0c"},
    {file = "SQLAlchemy-1.4.10-cp38-cp38-manylinux1_x86_64.whl", hash = "sha256:01988ae8841b8b2efe2bfe5094466d7cec09c69afb430de42c1bc847f2742579"},
    {file = "SQLAlchemy-1.4.10-cp38-cp38-manylinux2010_x86_64.whl", hash = "sha256:a2a11d6102ed1f3c949bacd2381e47c0587413889dd35ce4f8b68927ec2e5dd0"},
    {file = "SQLAlchemy-1.4.10-cp38-cp38-manylinux2014_aarch64.whl", hash = "sha256:adb965b2310c01249481a3f94a1ab2bb88cd7aa78964a6252a38886a9ecdcaf1"},
    {file = "SQLAlchemy-1.4.10-cp38-cp38-manylinux2014_x86_64.whl", hash = "sha256:c4dca554ffe5041bceb5bc938316a46f8391802b5607ed2bc94bfab539545bea"},
    {file = "SQLAlchemy-1.4.10-cp38-cp38-win32.whl", hash = "sha256:4b49e4700660964e70676aed5b83650b1b7fbbb7ff4b8fca587212e3496cb965"},
    {file = "SQLAlchemy-1.4.10-cp38-cp38-win_amd64.whl", hash = "sha256:c5f138ffa743508488bf40affa4f34e14deaa47e2ae15e6b1e00fa1220983e0d"},
    {file = "SQLAlchemy-1.4.10-cp39-cp39-macosx_10_14_x86_64.whl", hash = "sha256:25375f44246e9dd652ba3a566e55a3b35ad7fd88f63bdf1266b6612b956e72cb"},
    {file = "SQLAlchemy-1.4.10-cp39-cp39-manylinux1_x86_64.whl", hash = "sha256:ac61e7129099aae447f0c2c00350b6e598e8985d1891bab21c79affd58c0a23d"},
    {file = "SQLAlchemy-1.4.10-cp39-cp39-manylinux2010_x86_64.whl", hash = "sha256:05c3f89fc4c459a71bf643a1145a92ed09e6824c04b9190ea88e2155f42e4ed1"},
    {file = "SQLAlchemy-1.4.10-cp39-cp39-manylinux2014_aarch64.whl", hash = "sha256:db314bac56215008af4c1ca2d4cb4e8178140dc009f2f6b04d5af73b26ca895c"},
    {file = "SQLAlchemy-1.4.10-cp39-cp39-manylinux2014_x86_64.whl", hash = "sha256:552056e00c58c73fa69c04ba854a3590cd5efd09ee380f06c121553fc42786d5"},
    {file = "SQLAlchemy-1.4.10-cp39-cp39-win32.whl", hash = "sha256:dbbe277b32aa2df9bf87979d1ec10b5a9288ebf7346c8ae28013db1f32737850"},
    {file = "SQLAlchemy-1.4.10-cp39-cp39-win_amd64.whl", hash = "sha256:8b3f2719f8957e3402bdcbddde8054399c09898e62ef4b2a7f946ae7e78e7945"},
    {file = "SQLAlchemy-1.4.10.tar.gz", hash = "sha256:483fb869a3151dae6d1c97d242fe2e1b08f97bc71bd4946229930b9efedc9d9d"},
]
toml = [
    {file = "toml-0.10.2-py2.py3-none-any.whl", hash = "sha256:806143ae5bfb6a3c6e736a764057db0e6a0e05e338b5630894a5f779cabb4f9b"},
    {file = "toml-0.10.2.tar.gz", hash = "sha256:b3bda1d108d5dd99f4a20d24d9c348e91c4db7ab1b749200bded2f839ccbe68f"},
]
